github.com/kr/pretty v0.1.0/go.mod h1:dAy3ld7l9f0ibDNOQOHHMYYIIbhfbHSm3C4ZsoJORNo=
github.com/kr/pty v1.1.1/go.mod h1:pFQYn66WHrOpPYNljwOMqo10TkYh1fy3cYio2l3bCsQ=
github.com/kr/text v0.1.0/go.mod h1:4Jbv+DJW3UT/LiOwJeYQe1efqtUx/iVham/4vfdArNI=
github.com/pkg/diff v0.0.0-20210226163009-20ebb0f2a09e/go.mod h1:pJLUxLENpZxwdsKMEsNbx1VGcRFpLqf3715MtcvvzbA=
github.com/rogpeppe/go-internal v1.8.1 h1:geMPLpDpQOgVyCg5z5GoRwLHepNdb71NXb67XFkP+Eg=
github.com/rogpeppe/go-internal v1.8.1/go.mod h1:JeRgkft04UBgHMgCIwADu4Pn6Mtm5d4nPKWu0nJ5d+o=
github.com/rwxrob/bonzai v0.0.19 h1:GvSUifZqqnjhIAEDGHnq2v7xyJxHhoBa589zrJgiVYI=
github.com/rwxrob/bonzai v0.0.19/go.mod h1:gkNuRMH3DrSpVR4OJBPxxxt26srZijD9a/Y9uc1p8Ko=
github.com/rwxrob/config v0.2.1 h1:W53hExSNj2PtRRTuRXklruzVuOZ9LB8SDo9MC0qRiXQ=
github.com/rwxrob/config v0.2.1/go.mod h1:I2Diy79ZQPlanERtvt4VCSvW3jyCHeJ0JXksJMAz8xY=
github.com/rwxrob/fn v0.1.0 h1:vlQOPxZ77IlXSIDu2eIkuQgMtInlMNRHqwgKfkNAHAA=
github.com/rwxrob/fn v0.1.0/go.mod h1:omPqOqEB+dDna09z5pi5YFxq4IZqDvv3wFPUCES5LvY=
github.com/rwxrob/fs v0.2.0 h1:f0AO9BgsWlYGwiBJH7W60k3AJh0rGOtYZuozkUCQVRw=
github.com/rwxrob/fs v0.2.0/go.mod h1:vO8AeluD7rnrO7zC54745xTEBFgHPUpHL0hbp1NnsVo=
github.com/rwxrob/fs v0.3.3 h1:zotmbP4BeudGsrGjAjvoTC7pnV0oo07kRRamAkAcito=
github.com/rwxrob/fs v0.3.3/go.mod h1:vO8AeluD7rnrO7zC54745xTEBFgHPUpHL0hbp1NnsVo=
github.com/rwxrob/json v0.4.1 h1:b4ToZe4mrQO8rRL/kRFglzZszyZZnGv6JRHj6jrI3f4=
github.com/rwxrob/json v0.4.1/go.mod h1:DU3TQKCWY4bK7sQ0wu80cRmTs96b6M//OYvT7Eg2mJA=
github.com/rwxrob/structs v0.5.0 h1:pjLsfyYHS+gB1CtzRj3H39wRYL4lI5pTpFf8kl91guw=
github.com/rwxrob/structs v0.5.0/go.mod h1:2gIte2ZI9zUok6q6F3v3l41ZXo7Zg5Kf1GUTP2+pXyQ=
github.com/rwxrob/term v0.1.2 h1:w71H8seLUS/E5PKtg5VjSlEqv5xPXLYwwQ8FZ+zb3OA=
github.com/rwxrob/term v0.1.2/go.mod h1:IVE7hG+VQlM4R+kS4pY6uhfMHoG0QECrZF7d7bKcdsk=
github.com/rwxrob/to v0.2.1 h1:ZYBNEa8LJT5VDQUHm2wSwiRf61xSqU87UqbYvitV3eY=
github.com/rwxrob/to v0.2.1/go.mod h1:8qdgCWkh50Avs8sRpV6/P7lAQgVf3KLRSKMZahV/W48=
github.com/rwxrob/twitch v0.1.0 h1:XT7pXdCGsxE8ndhASgTd6roGRsFjsgHsDXDDgLgfSYQ=
github.com/rwxrob/twitch v0.1.0/go.mod h1:3fNuW8qAKHKw47h4GvwCtk8dhec5B7F3FaqK+Fw+Sw4=
github.com/rwxrob/y2j v0.3.0 h1:iaYmvRJVi9EMFlA0VSrLZiHXzUqDNOyTkGyjBqR4ZA0=
github.com/rwxrob/y2j v0.3.0/go.mod h1:/3eS+LPnOF1F2VfoqZr3Upkr8q4ByziAi3eB6FIgzoE=
github.com/rwxrob/yaml2json v0.1.0 h1:9ZyxAHZaL1n88tmTDKddz/o2vx3j3ygPuUFfmV85BNs=
github.com/rwxrob/yaml2json v0.1.0/go.mod h1:LZv0PcOqzj7q7afI3YRiPogmLHAdv579f/YM/6vcQrg=
golang.org/x/crypto v0.0.0-20220321153916-2c7772ba3064 h1:S25/rfnfsMVgORT4/J61MJ7rdyseOZOyvLIrZEZ7s6s=
golang.org/x/crypto v0.0.0-20220321153916-2c7772ba3064/go.mod h1:IxCIyHEi3zRg3s0A5j5BB6A9Jmi73HwBIUl50j+osU4=
golang.org/x/sys v0.0.0-20220319134239-a9b59b0215f8 h1:OH54vjqzRWmbJ62fjuhxy7AxFFgoHN0/DPc/UrL8cAs=
golang.org/x/sys v0.0.0-20220319134239-a9b59b0215f8/go.mod h1:oPkhp1MJrh7nUepCBck5+mAzfO9JrbApNNgaTdGDITg=
golang.org/x/term v0.0.0-20210927222741-03fcf44c2211 h1:JGgROgKl9N8DuW20oFS5gxc+lE67/N3FcwmBPMe7ArY=
golang.org/x/term v0.0.0-20210927222741-03fcf44c2211/go.mod h1:jbD1KX2456YbFQfuXm/mYQcufACuNUgVhRMnK/tPxf8=
gopkg.in/check.v1 v0.0.0-20161208181325-20d25e280405/go.mod h1:Co6ibVJAznAaIkqp8huTwlJQCZ016jof/cbN4VW5Yz0=
gopkg.in/check.v1 v1.0.0-20180628173108-788fd7840127/go.mod h1:Co6ibVJAznAaIkqp8huTwlJQCZ016jof/cbN4VW5Yz0=
gopkg.in/errgo.v2 v2.1.0/go.mod h1:hNsd1EY+bozCKY1Ytp96fpM3vjJbqLJn88ws8XvfDNI=
gopkg.in/yaml.v2 v2.4.0 h1:D8xgwECY7CYvx+Y2n4sBz93Jn9JRvxdiyyo8CTfuKaY=
gopkg.in/yaml.v2 v2.4.0/go.mod h1:RDklbk79AGWmwhnvt/jBztapEOGDOx6ZbXqjP6csGnQ=
gopkg.in/yaml.v3 v3.0.0-20210107192922-496545a6307b h1:h8qDotaEPuJATrMmW04NCwg7v22aHH28wwpauUhK9Oo=
gopkg.in/yaml.v3 v3.0.0-20210107192922-496545a6307b/go.mod h1:K4uyk7z7BCEPqu6E+C64Yfv1cQ7kz7rIZviUmN+EgEM=
