github.com/a8m/envsubst v1.3.0 h1:GmXKmVssap0YtlU3E230W98RWtWCyIZzjtf1apWWyAg=
github.com/a8m/envsubst v1.3.0/go.mod h1:MVUTQNGQ3tsjOOtKCNd+fl8RzhsXcDvvAEzkhGtlsbY=
github.com/davecgh/go-spew v1.1.0 h1:ZDRjVQ15GmhC3fiQ8ni8+OwkZQO4DARzQgrnXU1Liz8=
github.com/davecgh/go-spew v1.1.0/go.mod h1:J7Y8YcW2NihsgmVo/mv3lAwl/skON4iLHjSsI+c5H38=
github.com/elliotchance/orderedmap v1.4.0 h1:wZtfeEONCbx6in1CZyE6bELEt/vFayMvsxqI5SgsR+A=
github.com/elliotchance/orderedmap v1.4.0/go.mod h1:wsDwEaX5jEoyhbs7x93zk2H/qv0zwuhg4inXhDkYqys=
github.com/fatih/color v1.10.0/go.mod h1:ELkj/draVOlAH/xkhN6mQ50Qd0MPOk5AAr3maGEBuJM=
github.com/fatih/color v1.13.0 h1:8LOYc1KYPPmyKMuN8QV2DNRWNbLo6LZ0iLs8+mlH53w=
github.com/fatih/color v1.13.0/go.mod h1:kLAiJbzzSOZDVNGyDpeOxJ47H46qBXwg5ILebYFFOfk=
github.com/go-playground/assert/v2 v2.0.1/go.mod h1:VDjEfimB/XKnb+ZQfWdccd7VUvScMdVu0Titje2rxJ4=
github.com/go-playground/locales v0.13.0/go.mod h1:taPMhCMXrRLJO55olJkUXHZBHCxTMfnGwq/HNwmWNS8=
github.com/go-playground/universal-translator v0.17.0/go.mod h1:UkSxE5sNxxRwHyU+Scu5vgOQjsIJAF8j9muTVoKLVtA=
github.com/go-playground/validator/v10 v10.4.1/go.mod h1:nlOn6nFhuKACm19sB/8EGNn9GlaMV7XkbRSipzJ0Ii4=
github.com/goccy/go-yaml v1.9.5 h1:Eh/+3uk9kLxG4koCX6lRMAPS1OaMSAi+FJcya0INdB0=
github.com/goccy/go-yaml v1.9.5/go.mod h1:U/jl18uSupI5rdI2jmuCswEA2htH9eXfferR3KfscvA=
github.com/jinzhu/copier v0.3.5 h1:GlvfUwHk62RokgqVNvYsku0TATCF7bAHVwEXoBh3iJg=
github.com/jinzhu/copier v0.3.5/go.mod h1:DfbEm0FYsaqBcKcFuvmOZb218JkPGtvSHsKg8S8hyyg=
github.com/kr/pretty v0.1.0 h1:L/CwN0zerZDmRFUapSPitk6f+Q3+0za1rQkzVuMiMFI=
github.com/kr/pretty v0.1.0/go.mod h1:dAy3ld7l9f0ibDNOQOHHMYYIIbhfbHSm3C4ZsoJORNo=
github.com/kr/pty v1.1.1/go.mod h1:pFQYn66WHrOpPYNljwOMqo10TkYh1fy3cYio2l3bCsQ=
github.com/kr/text v0.1.0 h1:45sCR5RtlFHMR4UwH9sdQ5TC8v0qDQCHnXt+kaKSTVE=
github.com/kr/text v0.1.0/go.mod h1:4Jbv+DJW3UT/LiOwJeYQe1efqtUx/iVham/4vfdArNI=
github.com/leodido/go-urn v1.2.0/go.mod h1:+8+nEpDfqqsY+g338gtMEUOtuK+4dEMhiQEgxpxOKII=
github.com/magiconair/properties v1.8.6 h1:5ibWZ6iY0NctNGWo87LalDlEZ6R41TqbbDamhfG/Qzo=
github.com/magiconair/properties v1.8.6/go.mod h1:y3VJvCyxH9uVvJTWEGAELF3aiYNyPKd5NZ3oSwXrF60=
github.com/mattn/go-colorable v0.1.8/go.mod h1:u6P/XSegPjTcexA+o6vUJrdnUu04hMope9wVRipJSqc=
github.com/mattn/go-colorable v0.1.9/go.mod h1:u6P/XSegPjTcexA+o6vUJrdnUu04hMope9wVRipJSqc=
github.com/mattn/go-colorable v0.1.12 h1:jF+Du6AlPIjs2BiUiQlKOX0rt3SujHxPnksPKZbaA40=
github.com/mattn/go-colorable v0.1.12/go.mod h1:u5H1YNBxpqRaxsYJYSkiCWKzEfiAb1Gb520KVy5xxl4=
github.com/mattn/go-isatty v0.0.12/go.mod h1:cbi8OIDigv2wuxKPP5vlRcQ1OAZbq2CE4Kysco4FUpU=
github.com/mattn/go-isatty v0.0.14 h1:yVuAays6BHfxijgZPzw+3Zlu5yQgKGP2/hcQbHb7S9Y=
github.com/mattn/go-isatty v0.0.14/go.mod h1:7GGIvUiUoEMVVmxf/4nioHXj79iQHKdU27kJ6hsGG94=
github.com/mikefarah/yq/v4 v4.24.2 h1:2xRu/L49ee+4n964G9cD2PtHOvj3/OQ7up0uXAHb/BY=
github.com/mikefarah/yq/v4 v4.24.2/go.mod h1:S+m9R9Qq17v0Mg/DtaESrbvfvrgbrOEMlEsSN57huV0=
github.com/pkg/diff v0.0.0-20210226163009-20ebb0f2a09e h1:aoZm08cpOy4WuID//EZDgcC4zIxODThtZNPirFr42+A=
github.com/pkg/diff v0.0.0-20210226163009-20ebb0f2a09e/go.mod h1:pJLUxLENpZxwdsKMEsNbx1VGcRFpLqf3715MtcvvzbA=
github.com/pmezard/go-difflib v1.0.0 h1:4DBwDE0NGyQoBHbLQYPwSUPoCMWR5BEzIk/f1lZbAQM=
github.com/pmezard/go-difflib v1.0.0/go.mod h1:iKH77koFhYxTK1pcRnkKkqfTogsbg7gZNVY4sRDYZ/4=
github.com/rogpeppe/go-internal v1.8.1 h1:geMPLpDpQOgVyCg5z5GoRwLHepNdb71NXb67XFkP+Eg=
github.com/rogpeppe/go-internal v1.8.1/go.mod h1:JeRgkft04UBgHMgCIwADu4Pn6Mtm5d4nPKWu0nJ5d+o=
github.com/rwxrob/bonzai v0.6.0 h1:T4GYJiV3X38apXD31RQkwTdA+10xuZ9EBpJSB/qottE=
github.com/rwxrob/bonzai v0.6.0/go.mod h1:f/6r2q+FEdoIiD42Mxyn7wNbejj8gk9kIkXsQfl7wRA=
github.com/rwxrob/bonzai v0.6.3 h1:SKbsbdtKGN8zPelt1CV+OAJe0NA7Z3/AgH1qtVoJ+0A=
github.com/rwxrob/bonzai v0.6.3/go.mod h1:tOU8sGI8dxVmGFTaqMfGbqYfWJqIAaFPA1lLUXQJaY8=
github.com/rwxrob/config v0.4.3 h1:wk2S3+Qsre3KIFpR8LU1Y++2f6bwriAVInD2aTwSouw=
github.com/rwxrob/config v0.4.3/go.mod h1:3FtUlJjh4q0dtHuiieEAsioDb5XdK7YQYdJXVSWomZ0=
github.com/rwxrob/fn v0.3.3 h1:ymRQGWDhrrvoHKXLJ4WZlgI2qrC7gMOotowQMGvwmVQ=
github.com/rwxrob/fn v0.3.3/go.mod h1:omPqOqEB+dDna09z5pi5YFxq4IZqDvv3wFPUCES5LvY=
github.com/rwxrob/fs v0.5.0 h1:1AcZUMBzYhippXl0RfYb+KMo67Sj+e5eSUkOKTx2rUU=
github.com/rwxrob/fs v0.5.0/go.mod h1:vO8AeluD7rnrO7zC54745xTEBFgHPUpHL0hbp1NnsVo=
github.com/rwxrob/help v0.3.0 h1:Rjwlp4A8jScc8pEaP0zbv/eLpcGxySP/WnK5YkoLz18=
github.com/rwxrob/help v0.3.0/go.mod h1:48iC8EfMJOKmVpEeGg/7TR0xk0LTf8ML6TkQ1Fetk1A=
github.com/rwxrob/help v0.3.1 h1:jzBjP9ZzYi19c52yaOaW/j139oX6BWABUXYEygVh8Bs=
github.com/rwxrob/help v0.3.1/go.mod h1:GfskRfrLhyPZeXGvFajoD2luWpms7EEask3LOgLZiLo=
github.com/rwxrob/json v0.6.0 h1:wUXssIuuIirpeNBDkGN8zz0SUcQ74DF4/8SCdf4iUwA=
github.com/rwxrob/json v0.6.0/go.mod h1:BYaPIp+4cI64f7jdqkaVAjqU/HSIiwkqPNDr9tTUvRQ=
github.com/rwxrob/scan v0.6.1 h1:KMGi/kV7TY4pcVo8H/HVwwyQZ2gBFNQI3g7tT121Voo=
github.com/rwxrob/scan v0.6.1/go.mod h1:eF28AgH3YUvP7E9UrhjePRUyLq3Gh7+fR28P7Z/Ku4E=
github.com/rwxrob/structs v0.5.1 h1:epff+4ihej+EgsQx0qOAS/cn7ix3qSLor0M/AjWiV3M=
github.com/rwxrob/structs v0.5.1/go.mod h1:e888JzBSTrMMizNYFnk426F77QneVUKgdxM5inMHErY=
github.com/rwxrob/term v0.2.6 h1:C8BqqHaEh8MGYp1cVrPRlDAYPEK3HfvhGjf7l5AvnV8=
github.com/rwxrob/term v0.2.6/go.mod h1:II0qQ7aHUdPniZCAPWOdYwugcZqdmRmEWIJQN7Z8NA0=
github.com/rwxrob/to v0.5.1 h1:gftxZTVDazX7SXe3g+7X0a6pn7y7dv9dAzyf/2KeHKo=
github.com/rwxrob/to v0.5.1/go.mod h1:lojk6scni4ZRYjnKJO/f2DVRTW0BB6l9LZQ/NvZZt4Y=
github.com/rwxrob/to v0.5.2 h1:BK2xKkWNhnR5TwEzbsPpXjGODFrTrgZfXzfEdtgCeyU=
github.com/rwxrob/to v0.5.2/go.mod h1:lojk6scni4ZRYjnKJO/f2DVRTW0BB6l9LZQ/NvZZt4Y=
github.com/rwxrob/twitch v0.3.0 h1:y7nLK9dA8WB3c05yDCh5kgPo0GnEEu1mMwdU066nxyg=
github.com/rwxrob/twitch v0.3.0/go.mod h1:fYDRNxS5BvEJGBAu+0j+uDsnyVZ0PcGR1W4TcxVBlvI=
github.com/rwxrob/uniq v0.1.5 h1:U8JbO6Im7k06mwJajpfoGCsZ1Id6LdYSlMRx3cGrnbA=
github.com/rwxrob/uniq v0.1.5/go.mod h1:JVn5OM29Q4McKovJ5NlAIf+Ps9RvDdoqcdm7mWIWZ1c=
github.com/rwxrob/vars v0.2.2 h1:HJGWZgXA8JVkYPQBZWD8XeeHwTq98zrQBMUjvlfAS9U=
github.com/rwxrob/vars v0.2.2/go.mod h1:kOvPEGol4vpCp0xdriswruFadnl1yzWx7KG5ytN2LJI=
github.com/rwxrob/vars v0.2.3 h1:8k+NavNqjiq1VbuN/9TUKxKrwgr0abQHznYwbyPYPR4=
github.com/rwxrob/vars v0.2.3/go.mod h1:kOvPEGol4vpCp0xdriswruFadnl1yzWx7KG5ytN2LJI=
github.com/rwxrob/y2j v0.3.5 h1:rvxc0iwMIc0phkih802LHx+r7Osz/ziw2yhXnuFt2Lo=
github.com/rwxrob/y2j v0.3.5/go.mod h1:2DGHQskILi88IrACDZMUvuDauPXWtQ3pXWsQhImuMiQ=
github.com/rwxrob/yq v0.2.4 h1:NMQLDM/wBYN9IgJC0NlxcDs9COC/fDIdCi5DC9ijvUA=
github.com/rwxrob/yq v0.2.4/go.mod h1:wNpZOJzkbSTFqRqO3yYsLUTVcHc6vGX67Q0n4+eCdfU=
github.com/stretchr/objx v0.1.0/go.mod h1:HFkY916IF+rwdDfMAkV7OtwuqBVzrE8GR6GFx+wExME=
github.com/stretchr/testify v1.4.0/go.mod h1:j7eGeouHqKxXV5pUuKE4zz7dFj8WfuZ+81PSLYec5m4=
github.com/stretchr/testify v1.7.0 h1:nwc3DEeHmmLAfoZucVR881uASk0Mfjw8xYJ99tb5CcY=
github.com/stretchr/testify v1.7.0/go.mod h1:6Fq8oRcR53rry900zMqJjRRixrwX3KX962/h/Wwjteg=
github.com/timtadh/data-structures v0.5.3 h1:F2tEjoG9qWIyUjbvXVgJqEOGJPMIiYn7U5W5mE+i/vQ=
github.com/timtadh/data-structures v0.5.3/go.mod h1:9R4XODhJ8JdWFEI8P/HJKqxuJctfBQw6fDibMQny2oU=
github.com/timtadh/lexmachine v0.2.2 h1:g55RnjdYazm5wnKv59pwFcBJHOyvTPfDEoz21s4PHmY=
github.com/timtadh/lexmachine v0.2.2/go.mod h1:GBJvD5OAfRn/gnp92zb9KTgHLB7akKyxmVivoYCcjQI=
golang.org/x/crypto v0.0.0-20190308221718-c2843e01d9a2/go.mod h1:djNgcEr1/C05ACkg1iLfiJU5Ep61QUkGW8qpdssI0+w=
golang.org/x/crypto v0.0.0-20200622213623-75b288015ac9/go.mod h1:LzIPMQfyMNhhGPhUkYOs5KpL4U8rLKemX1yGLhDgUto=
golang.org/x/crypto v0.0.0-20220408190544-5352b0902921 h1:iU7T1X1J6yxDr0rda54sWGkHgOp5XJrqm79gcNlC2VM=
golang.org/x/crypto v0.0.0-20220408190544-5352b0902921/go.mod h1:IxCIyHEi3zRg3s0A5j5BB6A9Jmi73HwBIUl50j+osU4=
golang.org/x/net v0.0.0-20190404232315-eb5bcb51f2a3/go.mod h1:t9HGtf8HONx5eT2rtn7q6eTqICYqUVnKs3thJo3Qplg=
golang.org/x/net v0.0.0-20220407224826-aac1ed45d8e3 h1:EN5+DfgmRMvRUrMGERW2gQl3Vc+Z7ZMnI/xdEpPSf0c=
golang.org/x/net v0.0.0-20220407224826-aac1ed45d8e3/go.mod h1:CfG3xpIq0wQ8r1q4Su4UZFWDARRcnwPjda9FqA0JpMk=
golang.org/x/sys v0.0.0-20190215142949-d0b11bdaac8a/go.mod h1:STP8DvDyc/dI5b8T5hshtkjS+E42TnysNCUPdjciGhY=
golang.org/x/sys v0.0.0-20190412213103-97732733099d/go.mod h1:h1NjWce9XRLGQEsW7wpKNCjG9DtNlClVuFLEZdDNbEs=
golang.org/x/sys v0.0.0-20200116001909-b77594299b42/go.mod h1:h1NjWce9XRLGQEsW7wpKNCjG9DtNlClVuFLEZdDNbEs=
golang.org/x/sys v0.0.0-20200223170610-d5e6a3e2c0ae/go.mod h1:h1NjWce9XRLGQEsW7wpKNCjG9DtNlClVuFLEZdDNbEs=
golang.org/x/sys v0.0.0-20210630005230-0f9fa26af87c/go.mod h1:oPkhp1MJrh7nUepCBck5+mAzfO9JrbApNNgaTdGDITg=
golang.org/x/sys v0.0.0-20210927094055-39ccf1dd6fa6/go.mod h1:oPkhp1MJrh7nUepCBck5+mAzfO9JrbApNNgaTdGDITg=
golang.org/x/sys v0.0.0-20220408201424-a24fb2fb8a0f h1:8w7RhxzTVgUzw/AH/9mUV5q0vMgy40SQRursCcfmkCw=
golang.org/x/sys v0.0.0-20220408201424-a24fb2fb8a0f/go.mod h1:oPkhp1MJrh7nUepCBck5+mAzfO9JrbApNNgaTdGDITg=
golang.org/x/term v0.0.0-20210927222741-03fcf44c2211 h1:JGgROgKl9N8DuW20oFS5gxc+lE67/N3FcwmBPMe7ArY=
golang.org/x/term v0.0.0-20210927222741-03fcf44c2211/go.mod h1:jbD1KX2456YbFQfuXm/mYQcufACuNUgVhRMnK/tPxf8=
golang.org/x/text v0.3.0/go.mod h1:NqM8EUOU14njkJ3fqMW+pc6Ldnwhi/IjpwHt7yyuwOQ=
golang.org/x/text v0.3.2/go.mod h1:bEr9sfX3Q8Zfm5fL9x+3itogRgK3+ptLWKqgva+5dAk=
golang.org/x/text v0.3.7 h1:olpwvP2KacW1ZWvsR7uQhoyTYvKAupfQrRGBFM352Gk=
golang.org/x/text v0.3.7/go.mod h1:u+2+/6zg+i71rQMx5EYifcz6MCKuco9NR6JIITiCfzQ=
golang.org/x/tools v0.0.0-20180917221912-90fa682c2a6e/go.mod h1:n7NCudcB/nEzxVGmLbDWY5pfWTLqBcC2KZ6jyYvM4mQ=
golang.org/x/xerrors v0.0.0-20200804184101-5ec99f83aff1 h1:go1bK/D/BFZV2I8cIQd1NKEZ+0owSTG1fDTci4IqFcE=
golang.org/x/xerrors v0.0.0-20200804184101-5ec99f83aff1/go.mod h1:I/5z698sn9Ka8TeJc9MKroUUfqBBauWjQqLJ2OPfmY0=
gopkg.in/check.v1 v0.0.0-20161208181325-20d25e280405/go.mod h1:Co6ibVJAznAaIkqp8huTwlJQCZ016jof/cbN4VW5Yz0=
gopkg.in/check.v1 v1.0.0-20180628173108-788fd7840127 h1:qIbj1fsPNlZgppZ+VLlY7N33q108Sa+fhmuc+sWQYwY=
gopkg.in/check.v1 v1.0.0-20180628173108-788fd7840127/go.mod h1:Co6ibVJAznAaIkqp8huTwlJQCZ016jof/cbN4VW5Yz0=
gopkg.in/errgo.v2 v2.1.0/go.mod h1:hNsd1EY+bozCKY1Ytp96fpM3vjJbqLJn88ws8XvfDNI=
gopkg.in/op/go-logging.v1 v1.0.0-20160211212156-b2cb9fa56473 h1:6D+BvnJ/j6e222UW8s2qTSe3wGBtvo0MbVQG/c5k8RE=
gopkg.in/op/go-logging.v1 v1.0.0-20160211212156-b2cb9fa56473/go.mod h1:N1eN2tsCx0Ydtgjl4cqmbRCsY4/+z4cYDeqwZTk6zog=
gopkg.in/yaml.v2 v2.2.2/go.mod h1:hI93XBmqTisBFMUTm0b8Fm+jr3Dg1NNxqwp+5A1VGuI=
gopkg.in/yaml.v3 v3.0.0-20200313102051-9f266ea9e77c/go.mod h1:K4uyk7z7BCEPqu6E+C64Yfv1cQ7kz7rIZviUmN+EgEM=
gopkg.in/yaml.v3 v3.0.0-20210107192922-496545a6307b h1:h8qDotaEPuJATrMmW04NCwg7v22aHH28wwpauUhK9Oo=
gopkg.in/yaml.v3 v3.0.0-20210107192922-496545a6307b/go.mod h1:K4uyk7z7BCEPqu6E+C64Yfv1cQ7kz7rIZviUmN+EgEM=
